
Microsoft Visual Studio Solution File, Format Version 12.00
# Visual Studio Version 17
VisualStudioVersion = 17.11.35327.3
MinimumVisualStudioVersion = 10.0.40219.1
Project("{FAE04EC0-301F-11D3-BF4B-00C04F79EFBC}") = "StarNetCoreWeb", "StarNetCoreWeb.csproj", "{A9E1B7D2-E636-4989-A388-1E6CEBFF02FF}"
EndProject
Project("{2150E333-8FDC-42A3-9474-1A3956D46DE8}") = "NetCoreWeb", "NetCoreWeb", "{5EF19D2B-D1A5-48BA-AD74-C4DDF352BF1B}"
EndProject
Project("{FAE04EC0-301F-11D3-BF4B-00C04F79EFBC}") = "StartEmptyASPNetCoreWeb", "..\StartEmptyASPNetCoreWeb\StartEmptyASPNetCoreWeb.csproj", "{A6531CE8-E918-495F-ABAE-93D5CB383BEC}"
EndProject
Global
	GlobalSection(SolutionConfigurationPlatforms) = preSolution
		Debug|Any CPU = Debug|Any CPU
		Release|Any CPU = Release|Any CPU
	EndGlobalSection
	GlobalSection(ProjectConfigurationPlatforms) = postSolution
		{A9E1B7D2-E636-4989-A388-1E6CEBFF02FF}.Debug|Any CPU.ActiveCfg = Debug|Any CPU
		{A9E1B7D2-E636-4989-A388-1E6CEBFF02FF}.Debug|Any CPU.Build.0 = Debug|Any CPU
		{A9E1B7D2-E636-4989-A388-1E6CEBFF02FF}.Release|Any CPU.ActiveCfg = Release|Any CPU
		{A9E1B7D2-E636-4989-A388-1E6CEBFF02FF}.Release|Any CPU.Build.0 = Release|Any CPU
		{A6531CE8-E918-495F-ABAE-93D5CB383BEC}.Debug|Any CPU.ActiveCfg = Debug|Any CPU
		{A6531CE8-E918-495F-ABAE-93D5CB383BEC}.Debug|Any CPU.Build.0 = Debug|Any CPU
		{A6531CE8-E918-495F-ABAE-93D5CB383BEC}.Release|Any CPU.ActiveCfg = Release|Any CPU
		{A6531CE8-E918-495F-ABAE-93D5CB383BEC}.Release|Any CPU.Build.0 = Release|Any CPU
	EndGlobalSection
	GlobalSection(SolutionProperties) = preSolution
		HideSolutionNode = FALSE
	EndGlobalSection
	GlobalSection(NestedProjects) = preSolution
		{A9E1B7D2-E636-4989-A388-1E6CEBFF02FF} = {5EF19D2B-D1A5-48BA-AD74-C4DDF352BF1B}
		{A6531CE8-E918-495F-ABAE-93D5CB383BEC} = {5EF19D2B-D1A5-48BA-AD74-C4DDF352BF1B}
	EndGlobalSection
	GlobalSection(ExtensibilityGlobals) = postSolution
		SolutionGuid = {B73DE9B0-53C5-40C9-AE08-F8A3E859FC2D}
	EndGlobalSection
EndGlobal
